// !$*UTF8*$!
{
	archiveVersion = 1;
	classes = {
	};
	objectVersion = 50;
	objects = {

/* Begin PBXBuildFile section */
		9490E3BF218B610A00BD6579 /* AppDelegate.swift in Sources */ = {isa = PBXBuildFile; fileRef = 9490E3BE218B610A00BD6579 /* AppDelegate.swift */; };
		9490E3C1218B610A00BD6579 /* ViewController.swift in Sources */ = {isa = PBXBuildFile; fileRef = 9490E3C0218B610A00BD6579 /* ViewController.swift */; };
		9490E3C4218B610A00BD6579 /* Main.storyboard in Resources */ = {isa = PBXBuildFile; fileRef = 9490E3C2218B610A00BD6579 /* Main.storyboard */; };
		9490E3C6218B610C00BD6579 /* Assets.xcassets in Resources */ = {isa = PBXBuildFile; fileRef = 9490E3C5218B610C00BD6579 /* Assets.xcassets */; };
		9490E3C9218B610C00BD6579 /* LaunchScreen.storyboard in Resources */ = {isa = PBXBuildFile; fileRef = 9490E3C7218B610C00BD6579 /* LaunchScreen.storyboard */; };
		94C12EA6218CAF1C006FEA92 /* StarViewController.swift in Sources */ = {isa = PBXBuildFile; fileRef = 94C12EA5218CAF1C006FEA92 /* StarViewController.swift */; };
/* End PBXBuildFile section */

/* Begin PBXFileReference section */
		9490E3BB218B610A00BD6579 /* IntergalacticTravel.app */ = {isa = PBXFileReference; explicitFileType = wrapper.application; includeInIndex = 0; path = IntergalacticTravel.app; sourceTree = BUILT_PRODUCTS_DIR; };
		9490E3BE218B610A00BD6579 /* AppDelegate.swift */ = {isa = PBXFileReference; lastKnownFileType = sourcecode.swift; path = AppDelegate.swift; sourceTree = "<group>"; };
		9490E3C0218B610A00BD6579 /* ViewController.swift */ = {isa = PBXFileReference; lastKnownFileType = sourcecode.swift; path = ViewController.swift; sourceTree = "<group>"; };
		9490E3C3218B610A00BD6579 /* Base */ = {isa = PBXFileReference; lastKnownFileType = file.storyboard; name = Base; path = Base.lproj/Main.storyboard; sourceTree = "<group>"; };
		9490E3C5218B610C00BD6579 /* Assets.xcassets */ = {isa = PBXFileReference; lastKnownFileType = folder.assetcatalog; path = Assets.xcassets; sourceTree = "<group>"; };
		9490E3C8218B610C00BD6579 /* Base */ = {isa = PBXFileReference; lastKnownFileType = file.storyboard; name = Base; path = Base.lproj/LaunchScreen.storyboard; sourceTree = "<group>"; };
		9490E3CA218B610C00BD6579 /* Info.plist */ = {isa = PBXFileReference; lastKnownFileType = text.plist.xml; path = Info.plist; sourceTree = "<group>"; };
		94C12EA5218CAF1C006FEA92 /* StarViewController.swift */ = {isa = PBXFileReference; lastKnownFileType = sourcecode.swift; path = StarViewController.swift; sourceTree = "<group>"; };
/* End PBXFileReference section */

/* Begin PBXFrameworksBuildPhase section */
		9490E3B8218B610A00BD6579 /* Frameworks */ = {
			isa = PBXFrameworksBuildPhase;
			buildActionMask = 2147483647;
			files = (
			);
			runOnlyForDeploymentPostprocessing = 0;
		};
/* End PBXFrameworksBuildPhase section */

/* Begin PBXGroup section */
		9490E3B2218B610A00BD6579 = {
			isa = PBXGroup;
			children = (
				9490E3BD218B610A00BD6579 /* IntergalacticTravel */,
				9490E3BC218B610A00BD6579 /* Products */,
			);
			sourceTree = "<group>";
		};
		9490E3BC218B610A00BD6579 /* Products */ = {
			isa = PBXGroup;
			children = (
				9490E3BB218B610A00BD6579 /* IntergalacticTravel.app */,
			);
			name = Products;
			sourceTree = "<group>";
		};
		9490E3BD218B610A00BD6579 /* IntergalacticTravel */ = {
			isa = PBXGroup;
			children = (
				9490E3BE218B610A00BD6579 /* AppDelegate.swift */,
				9490E3C0218B610A00BD6579 /* ViewController.swift */,
				94C12EA5218CAF1C006FEA92 /* StarViewController.swift */,
				9490E3C2218B610A00BD6579 /* Main.storyboard */,
				9490E3C5218B610C00BD6579 /* Assets.xcassets */,
				9490E3C7218B610C00BD6579 /* LaunchScreen.storyboard */,
				9490E3CA218B610C00BD6579 /* Info.plist */,
			);
			path = IntergalacticTravel;
			sourceTree = "<group>";
		};
/* End PBXGroup section */

/* Begin PBXNativeTarget section */
		9490E3BA218B610A00BD6579 /* IntergalacticTravel */ = {
			isa = PBXNativeTarget;
			buildConfigurationList = 9490E3CD218B610C00BD6579 /* Build configuration list for PBXNativeTarget "IntergalacticTravel" */;
			buildPhases = (
				9490E3B7218B610A00BD6579 /* Sources */,
				9490E3B8218B610A00BD6579 /* Frameworks */,
				9490E3B9218B610A00BD6579 /* Resources */,
			);
			buildRules = (
			);
			dependencies = (
			);
			name = IntergalacticTravel;
			productName = IntergalacticTravel;
			productReference = 9490E3BB218B610A00BD6579 /* IntergalacticTravel.app */;
			productType = "com.apple.product-type.application";
		};
/* End PBXNativeTarget section */

/* Begin PBXProject section */
		9490E3B3218B610A00BD6579 /* Project object */ = {
			isa = PBXProject;
			attributes = {
				LastSwiftUpdateCheck = 1000;
				LastUpgradeCheck = 1000;
				ORGANIZATIONNAME = "Joel Chamakala";
				TargetAttributes = {
					9490E3BA218B610A00BD6579 = {
						CreatedOnToolsVersion = 10.0;
					};
				};
			};
			buildConfigurationList = 9490E3B6218B610A00BD6579 /* Build configuration list for PBXProject "IntergalacticTravel" */;
			compatibilityVersion = "Xcode 9.3";
			developmentRegion = en;
			hasScannedForEncodings = 0;
			knownRegions = (
				en,
				Base,
			);
			mainGroup = 9490E3B2218B610A00BD6579;
			productRefGroup = 9490E3BC218B610A00BD6579 /* Products */;
			projectDirPath = "";
			projectRoot = "";
			targets = (
				9490E3BA218B610A00BD6579 /* IntergalacticTravel */,
			);
		};
/* End PBXProject section */

/* Begin PBXResourcesBuildPhase section */
		9490E3B9218B610A00BD6579 /* Resources */ = {
			isa = PBXResourcesBuildPhase;
			buildActionMask = 2147483647;
			files = (
				9490E3C9218B610C00BD6579 /* LaunchScreen.storyboard in Resources */,
				9490E3C6218B610C00BD6579 /* Assets.xcassets in Resources */,
				9490E3C4218B610A00BD6579 /* Main.storyboard in Resources */,
			);
			runOnlyForDeploymentPostprocessing = 0;
		};
/* End PBXResourcesBuildPhase section */

/* Begin PBXSourcesBuildPhase section */
		9490E3B7218B610A00BD6579 /* Sources */ = {
			isa = PBXSourcesBuildPhase;
			buildActionMask = 2147483647;
			files = (
				9490E3C1218B610A00BD6579 /* ViewController.swift in Sources */,
				94C12EA6218CAF1C006FEA92 /* StarViewController.swift in Sources */,
				9490E3BF218B610A00BD6579 /* AppDelegate.swift in Sources */,
			);
			runOnlyForDeploymentPostprocessing = 0;
		};
/* End PBXSourcesBuildPhase section */

/* Begin PBXVariantGroup section */
		9490E3C2218B610A00BD6579 /* Main.storyboard */ = {
			isa = PBXVariantGroup;
			children = (
				9490E3C3218B610A00BD6579 /* Base */,
			);
			name = Main.storyboard;
			sourceTree = "<group>";
		};
		9490E3C7218B610C00BD6579 /* LaunchScreen.storyboard */ = {
			isa = PBXVariantGroup;
			children = (
				9490E3C8218B610C00BD6579 /* Base */,
			);
			name = LaunchScreen.storyboard;
			sourceTree = "<group>";
		};
/* End PBXVariantGroup section */

/* Begin XCBuildConfiguration section */
		9490E3CB218B610C00BD6579 /* Debug */ = {
			isa = XCBuildConfiguration;
			buildSettings = {
				ALWAYS_SEARCH_USER_PATHS = NO;
				CLANG_ANALYZER_NONNULL = YES;
				CLANG_ANALYZER_NUMBER_OBJECT_CONVERSION = YES_AGGRESSIVE;
				CLANG_CXX_LANGUAGE_STANDARD = "gnu++14";
				CLANG_CXX_LIBRARY = "libc++";
				CLANG_ENABLE_MODULES = YES;
				CLANG_ENABLE_OBJC_ARC = YES;
				CLANG_ENABLE_OBJC_WEAK = YES;
				CLANG_WARN_BLOCK_CAPTURE_AUTORELEASING = YES;
				CLANG_WARN_BOOL_CONVERSION = YES;
				CLANG_WARN_COMMA = YES;
				CLANG_WARN_CONSTANT_CONVERSION = YES;
				CLANG_WARN_DEPRECATED_OBJC_IMPLEMENTATIONS = YES;
				CLANG_WARN_DIRECT_OBJC_ISA_USAGE = YES_ERROR;
				CLANG_WARN_DOCUMENTATION_COMMENTS = YES;
				CLANG_WARN_EMPTY_BODY = YES;
				CLANG_WARN_ENUM_CONVERSION = YES;
				CLANG_WARN_INFINITE_RECURSION = YES;
				CLANG_WARN_INT_CONVERSION = YES;
				CLANG_WARN_NON_LITERAL_NULL_CONVERSION = YES;
				CLANG_WARN_OBJC_IMPLICIT_RETAIN_SELF = YES;
				CLANG_WARN_OBJC_LITERAL_CONVERSION = YES;
				CLANG_WARN_OBJC_ROOT_CLASS = YES_ERROR;
				CLANG_WARN_RANGE_LOOP_ANALYSIS = YES;
				CLANG_WARN_STRICT_PROTOTYPES = YES;
				CLANG_WARN_SUSPICIOUS_MOVE = YES;
				CLANG_WARN_UNGUARDED_AVAILABILITY = YES_AGGRESSIVE;
				CLANG_WARN_UNREACHABLE_CODE = YES;
				CLANG_WARN__DUPLICATE_METHOD_MATCH = YES;
				CODE_SIGN_IDENTITY = "iPhone Developer";
				COPY_PHASE_STRIP = NO;
				DEBUG_INFORMATION_FORMAT = dwarf;
				ENABLE_STRICT_OBJC_MSGSEND = YES;
				ENABLE_TESTABILITY = YES;
				GCC_C_LANGUAGE_STANDARD = gnu11;
				GCC_DYNAMIC_NO_PIC = NO;
				GCC_NO_COMMON_BLOCKS = YES;
				GCC_OPTIMIZATION_LEVEL = 0;
				GCC_PREPROCESSOR_DEFINITIONS = (
					"DEBUG=1",
					"$(inherited)",
				);
				GCC_WARN_64_TO_32_BIT_CONVERSION = YES;
				GCC_WARN_ABOUT_RETURN_TYPE = YES_ERROR;
				GCC_WARN_UNDECLARED_SELECTOR = YES;
				GCC_WARN_UNINITIALIZED_AUTOS = YES_AGGRESSIVE;
				GCC_WARN_UNUSED_FUNCTION = YES;
				GCC_WARN_UNUSED_VARIABLE = YES;
				IPHONEOS_DEPLOYMENT_TARGET = 12.0;
				MTL_ENABLE_DEBUG_INFO = INCLUDE_SOURCE;
				MTL_FAST_MATH = YES;
				ONLY_ACTIVE_ARCH = YES;
				SDKROOT = iphoneos;
				SWIFT_ACTIVE_COMPILATION_CONDITIONS = DEBUG;
				SWIFT_OPTIMIZATION_LEVEL = "-Onone";
			};
			name = Debug;
		};
		9490E3CC218B610C00BD6579 /* Release */ = {
			isa = XCBuildConfiguration;
			buildSettings = {
				ALWAYS_SEARCH_USER_PATHS = NO;
				CLANG_ANALYZER_NONNULL = YES;
				CLANG_ANALYZER_NUMBER_OBJECT_CONVERSION = YES_AGGRESSIVE;
				CLANG_CXX_LANGUAGE_STANDARD = "gnu++14";
				CLANG_CXX_LIBRARY = "libc++";
				CLANG_ENABLE_MODULES = YES;
				CLANG_ENABLE_OBJC_ARC = YES;
				CLANG_ENABLE_OBJC_WEAK = YES;
				CLANG_WARN_BLOCK_CAPTURE_AUTORELEASING = YES;
				CLANG_WARN_BOOL_CONVERSION = YES;
				CLANG_WARN_COMMA = YES;
				CLANG_WARN_CONSTANT_CONVERSION = YES;
				CLANG_WARN_DEPRECATED_OBJC_IMPLEMENTATIONS = YES;
				CLANG_WARN_DIRECT_OBJC_ISA_USAGE = YES_ERROR;
				CLANG_WARN_DOCUMENTATION_COMMENTS = YES;
				CLANG_WARN_EMPTY_BODY = YES;
				CLANG_WARN_ENUM_CONVERSION = YES;
				CLANG_WARN_INFINITE_RECURSION = YES;
				CLANG_WARN_INT_CONVERSION = YES;
				CLANG_WARN_NON_LITERAL_NULL_CONVERSION = YES;
				CLANG_WARN_OBJC_IMPLICIT_RETAIN_SELF = YES;
				CLANG_WARN_OBJC_LITERAL_CONVERSION = YES;
				CLANG_WARN_OBJC_ROOT_CLASS = YES_ERROR;
				CLANG_WARN_RANGE_LOOP_ANALYSIS = YES;
				CLANG_WARN_STRICT_PROTOTYPES = YES;
				CLANG_WARN_SUSPICIOUS_MOVE = YES;
				CLANG_WARN_UNGUARDED_AVAILABILITY = YES_AGGRESSIVE;
				CLANG_WARN_UNREACHABLE_CODE = YES;
				CLANG_WARN__DUPLICATE_METHOD_MATCH = YES;
				CODE_SIGN_IDENTITY = "iPhone Developer";
				COPY_PHASE_STRIP = NO;
				DEBUG_INFORMATION_FORMAT = "dwarf-with-dsym";
				ENABLE_NS_ASSERTIONS = NO;
				ENABLE_STRICT_OBJC_MSGSEND = YES;
				GCC_C_LANGUAGE_STANDARD = gnu11;
				GCC_NO_COMMON_BLOCKS = YES;
				GCC_WARN_64_TO_32_BIT_CONVERSION = YES;
				GCC_WARN_ABOUT_RETURN_TYPE = YES_ERROR;
				GCC_WARN_UNDECLARED_SELECTOR = YES;
				GCC_WARN_UNINITIALIZED_AUTOS = YES_AGGRESSIVE;
				GCC_WARN_UNUSED_FUNCTION = YES;
				GCC_WARN_UNUSED_VARIABLE = YES;
				IPHONEOS_DEPLOYMENT_TARGET = 12.0;
				MTL_ENABLE_DEBUG_INFO = NO;
				MTL_FAST_MATH = YES;
				SDKROOT = iphoneos;
				SWIFT_COMPILATION_MODE = wholemodule;
				SWIFT_OPTIMIZATION_LEVEL = "-O";
				VALIDATE_PRODUCT = YES;
			};
			name = Release;
		};
		9490E3CE218B610C00BD6579 /* Debug */ = {
			isa = XCBuildConfiguration;
			buildSettings = {
				ASSETCATALOG_COMPILER_APPICON_NAME = AppIcon;
				CODE_SIGN_STYLE = Automatic;
				DEVELOPMENT_TEAM = L9Q3AAR5U3;
				INFOPLIST_FILE = IntergalacticTravel/Info.plist;
				LD_RUNPATH_SEARCH_PATHS = (
					"$(inherited)",
					"@executable_path/Frameworks",
				);
				PRODUCT_BUNDLE_IDENTIFIER = org.d214.jhhs.9074.IntergalacticTravel;
				PRODUCT_NAME = "$(TARGET_NAME)";
				SWIFT_VERSION = 4.2;
				TARGETED_DEVICE_FAMILY = "1,2";
			};
			name = Debug;
		};
		9490E3CF218B610C00BD6579 /* Release */ = {
			isa = XCBuildConfiguration;
			buildSettings = {
				ASSETCATALOG_COMPILER_APPICON_NAME = AppIcon;
				CODE_SIGN_STYLE = Automatic;
				DEVELOPMENT_TEAM = L9Q3AAR5U3;
				INFOPLIST_FILE = IntergalacticTravel/Info.plist;
				LD_RUNPATH_SEARCH_PATHS = (
					"$(inherited)",
					"@executable_path/Frameworks",
				);
				PRODUCT_BUNDLE_IDENTIFIER = org.d214.jhhs.9074.IntergalacticTravel;
				PRODUCT_NAME = "$(TARGET_NAME)";
				SWIFT_VERSION = 4.2;
				TARGETED_DEVICE_FAMILY = "1,2";
			};
			name = Release;
		};
/* End XCBuildConfiguration section */

/* Begin XCConfigurationList section */
		9490E3B6218B610A00BD6579 /* Build configuration list for PBXProject "IntergalacticTravel" */ = {
			isa = XCConfigurationList;
			buildConfigurations = (
				9490E3CB218B610C00BD6579 /* Debug */,
				9490E3CC218B610C00BD6579 /* Release */,
			);
			defaultConfigurationIsVisible = 0;
			defaultConfigurationName = Release;
		};
		9490E3CD218B610C00BD6579 /* Build configuration list for PBXNativeTarget "IntergalacticTravel" */ = {
			isa = XCConfigurationList;
			buildConfigurations = (
				9490E3CE218B610C00BD6579 /* Debug */,
				9490E3CF218B610C00BD6579 /* Release */,
			);
			defaultConfigurationIsVisible = 0;
			defaultConfigurationName = Release;
		};
/* End XCConfigurationList section */
	};
	rootObject = 9490E3B3218B610A00BD6579 /* Project object */;
}
